Microsoft Visual Studio Solution File, Format Version 12.00
# Visual Studio Version 16
VisualStudioVersion = 16.0.0.0
MinimumVisualStudioVersion = 16.0.0.0
Project("{9A19103F-16F7-4668-BE54-9A1E7A4F7556}") = "pos-app", "pos-app\pos-app.csproj", "{2A01FEA5-55BB-49C1-B9A0-6565D69A3B71}"
EndProject
Project("{9A19103F-16F7-4668-BE54-9A1E7A4F7556}") = "pos-app.Client", "pos-app.Client\pos-app.Client.csproj", "{1B4C8201-00CE-4440-A3A0-71BAC14B26E3}"
EndProject
Global
	GlobalSection(SolutionConfigurationPlatforms) = preSolution
		Debug|Any CPU = Debug|Any CPU
		Debug|x64 = Debug|x64
		Debug|x86 = Debug|x86
		Release|Any CPU = Release|Any CPU
		Release|x64 = Release|x64
		Release|x86 = Release|x86
	EndGlobalSection
	GlobalSection(ProjectConfigurationPlatforms) = postSolution
		{1B4C8201-00CE-4440-A3A0-71BAC14B26E3}.Debug|Any CPU.ActiveCfg = Debug|Any CPU
		{1B4C8201-00CE-4440-A3A0-71BAC14B26E3}.Debug|Any CPU.Build.0 = Debug|Any CPU
		{1B4C8201-00CE-4440-A3A0-71BAC14B26E3}.Debug|x64.ActiveCfg = Debug|Any CPU
		{1B4C8201-00CE-4440-A3A0-71BAC14B26E3}.Debug|x64.Build.0 = Debug|Any CPU
		{1B4C8201-00CE-4440-A3A0-71BAC14B26E3}.Debug|x86.ActiveCfg = Debug|Any CPU
		{1B4C8201-00CE-4440-A3A0-71BAC14B26E3}.Debug|x86.Build.0 = Debug|Any CPU
		{1B4C8201-00CE-4440-A3A0-71BAC14B26E3}.Release|Any CPU.ActiveCfg = Release|Any CPU
		{1B4C8201-00CE-4440-A3A0-71BAC14B26E3}.Release|Any CPU.Build.0 = Release|Any CPU
		{1B4C8201-00CE-4440-A3A0-71BAC14B26E3}.Release|x64.ActiveCfg = Release|Any CPU
		{1B4C8201-00CE-4440-A3A0-71BAC14B26E3}.Release|x64.Build.0 = Release|Any CPU
		{1B4C8201-00CE-4440-A3A0-71BAC14B26E3}.Release|x86.ActiveCfg = Release|Any CPU
		{1B4C8201-00CE-4440-A3A0-71BAC14B26E3}.Release|x86.Build.0 = Release|Any CPU
		{2A01FEA5-55BB-49C1-B9A0-6565D69A3B71}.Debug|Any CPU.ActiveCfg = Debug|Any CPU
		{2A01FEA5-55BB-49C1-B9A0-6565D69A3B71}.Debug|Any CPU.Build.0 = Debug|Any CPU
		{2A01FEA5-55BB-49C1-B9A0-6565D69A3B71}.Debug|x64.ActiveCfg = Debug|Any CPU
		{2A01FEA5-55BB-49C1-B9A0-6565D69A3B71}.Debug|x64.Build.0 = Debug|Any CPU
		{2A01FEA5-55BB-49C1-B9A0-6565D69A3B71}.Debug|x86.ActiveCfg = Debug|Any CPU
		{2A01FEA5-55BB-49C1-B9A0-6565D69A3B71}.Debug|x86.Build.0 = Debug|Any CPU
		{2A01FEA5-55BB-49C1-B9A0-6565D69A3B71}.Release|Any CPU.ActiveCfg = Release|Any CPU
		{2A01FEA5-55BB-49C1-B9A0-6565D69A3B71}.Release|Any CPU.Build.0 = Release|Any CPU
		{2A01FEA5-55BB-49C1-B9A0-6565D69A3B71}.Release|x64.ActiveCfg = Release|Any CPU
		{2A01FEA5-55BB-49C1-B9A0-6565D69A3B71}.Release|x64.Build.0 = Release|Any CPU
		{2A01FEA5-55BB-49C1-B9A0-6565D69A3B71}.Release|x86.ActiveCfg = Release|Any CPU
		{2A01FEA5-55BB-49C1-B9A0-6565D69A3B71}.Release|x86.Build.0 = Release|Any CPU
	EndGlobalSection
	GlobalSection(SolutionProperties) = preSolution
		HideSolutionNode = FALSE
	EndGlobalSection
	GlobalSection(ExtensibilityGlobals) = postSolution
		SolutionGuid = {6BE921E8-2039-4623-BDC3-C0D39B06C43D}
	EndGlobalSection
EndGlobal
